
Microsoft Visual Studio Solution File, Format Version 12.00
# Visual Studio Version 17
VisualStudioVersion = 17.2.32616.157
MinimumVisualStudioVersion = 10.0.40219.1
Project("{FAE04EC0-301F-11D3-BF4B-00C04F79EFBC}") = "webApi", "webApi\webApi.csproj", "{1C0C8D37-B877-4753-810A-3B5F0FF2B2AD}"
EndProject
Global
	GlobalSection(SolutionConfigurationPlatforms) = preSolution
		Debug|Any CPU = Debug|Any CPU
		Release|Any CPU = Release|Any CPU
	EndGlobalSection
	GlobalSection(ProjectConfigurationPlatforms) = postSolution
		{1C0C8D37-B877-4753-810A-3B5F0FF2B2AD}.Debug|Any CPU.ActiveCfg = Debug|Any CPU
		{1C0C8D37-B877-4753-810A-3B5F0FF2B2AD}.Debug|Any CPU.Build.0 = Debug|Any CPU
		{1C0C8D37-B877-4753-810A-3B5F0FF2B2AD}.Release|Any CPU.ActiveCfg = Release|Any CPU
		{1C0C8D37-B877-4753-810A-3B5F0FF2B2AD}.Release|Any CPU.Build.0 = Release|Any CPU
	EndGlobalSection
	GlobalSection(SolutionProperties) = preSolution
		HideSolutionNode = FALSE
	EndGlobalSection
	GlobalSection(ExtensibilityGlobals) = postSolution
		SolutionGuid = {44D041DA-0028-4807-8753-04EA9344D6F3}
	EndGlobalSection
EndGlobal
